
Microsoft Visual Studio Solution File, Format Version 12.00
# Visual Studio Version 16
VisualStudioVersion = 16.0.30523.141
MinimumVisualStudioVersion = 10.0.40219.1
Project("{8BC9CEB8-8B4A-11D0-8D11-00A0C91BC942}") = "Project11", "Project11\Project11.vcxproj", "{AA231439-E418-479A-B213-192234547443}"
EndProject
Global
	GlobalSection(SolutionConfigurationPlatforms) = preSolution
		Debug|x64 = Debug|x64
		Debug|x86 = Debug|x86
		Release|x64 = Release|x64
		Release|x86 = Release|x86
	EndGlobalSection
	GlobalSection(ProjectConfigurationPlatforms) = postSolution
		{AA231439-E418-479A-B213-192234547443}.Debug|x64.ActiveCfg = Debug|x64
		{AA231439-E418-479A-B213-192234547443}.Debug|x64.Build.0 = Debug|x64
		{AA231439-E418-479A-B213-192234547443}.Debug|x86.ActiveCfg = Debug|Win32
		{AA231439-E418-479A-B213-192234547443}.Debug|x86.Build.0 = Debug|Win32
		{AA231439-E418-479A-B213-192234547443}.Release|x64.ActiveCfg = Release|x64
		{AA231439-E418-479A-B213-192234547443}.Release|x64.Build.0 = Release|x64
		{AA231439-E418-479A-B213-192234547443}.Release|x86.ActiveCfg = Release|Win32
		{AA231439-E418-479A-B213-192234547443}.Release|x86.Build.0 = Release|Win32
	EndGlobalSection
	GlobalSection(SolutionProperties) = preSolution
		HideSolutionNode = FALSE
	EndGlobalSection
	GlobalSection(ExtensibilityGlobals) = postSolution
		SolutionGuid = {DD0C7D4C-5FD3-4E3A-A56F-D81FF9E04665}
	EndGlobalSection
EndGlobal
