<?xml version="1.0" encoding="utf-8"?>
<Project ToolsVersion="4.0" xmlns="http://schemas.microsoft.com/developer/msbuild/2003">
  <ItemGroup>
    <Filter Include="소스 파일">
      <UniqueIdentifier>{4FC737F1-C7A5-4376-A066-2A32D752A2FF}</UniqueIdentifier>
      <Extensions>cpp;c;cc;cxx;c++;cppm;ixx;def;odl;idl;hpj;bat;asm;asmx</Extensions>
    </Filter>
    <Filter Include="헤더 파일">
      <UniqueIdentifier>{93995380-89BD-4b04-88EB-625FBE52EBFB}</UniqueIdentifier>
      <Extensions>h;hh;hpp;hxx;h++;hm;inl;inc;ipp;xsd</Extensions>
    </Filter>
    <Filter Include="리소스 파일">
      <UniqueIdentifier>{67DA6AB6-F800-4c08-8B7A-83BB121AAD01}</UniqueIdentifier>
      <Extensions>rc;ico;cur;bmp;dlg;rc2;rct;bin;rgs;gif;jpg;jpeg;jpe;resx;tiff;tif;png;wav;mfcribbon-ms</Extensions>
    </Filter>
  </ItemGroup>
  <ItemGroup>
    <ClCompile Include="test1.cpp">
      <Filter>소스 파일</Filter>
    </ClCompile>
    <ClCompile Include="test2.cpp">
      <Filter>소스 파일</Filter>
    </ClCompile>
    <ClCompile Include="test3.cpp">
      <Filter>소스 파일</Filter>
    </ClCompile>
    <ClCompile Include="test4.cpp">
      <Filter>소스 파일</Filter>
    </ClCompile>
    <ClCompile Include="practice_10_13.cpp">
      <Filter>소스 파일</Filter>
    </ClCompile>
    <ClCompile Include="prac.cpp">
      <Filter>소스 파일</Filter>
    </ClCompile>
    <ClCompile Include="practice_10_14.cpp">
      <Filter>소스 파일</Filter>
    </ClCompile>
    <ClCompile Include="test5.cpp">
      <Filter>소스 파일</Filter>
    </ClCompile>
    <ClCompile Include="practice_10_15.cpp">
      <Filter>소스 파일</Filter>
    </ClCompile>
    <ClCompile Include="practice_10_16.cpp">
      <Filter>소스 파일</Filter>
    </ClCompile>
    <ClCompile Include="practice_10_17%281%29.cpp">
      <Filter>소스 파일</Filter>
    </ClCompile>
    <ClCompile Include="practice_10_17(2).cpp">
      <Filter>소스 파일</Filter>
    </ClCompile>
    <ClCompile Include="t1.cpp">
      <Filter>소스 파일</Filter>
    </ClCompile>
    <ClCompile Include="practice_10_19%281%29.cpp">
      <Filter>소스 파일</Filter>
    </ClCompile>
    <ClCompile Include="practice_10_19(2).cpp">
      <Filter>소스 파일</Filter>
    </ClCompile>
    <ClCompile Include="t2.cpp">
      <Filter>소스 파일</Filter>
    </ClCompile>
    <ClCompile Include="practice_10_20.cpp">
      <Filter>소스 파일</Filter>
    </ClCompile>
    <ClCompile Include="t3_10_20%281%29.cpp">
      <Filter>소스 파일</Filter>
    </ClCompile>
    <ClCompile Include="t3_10_20(2).cpp">
      <Filter>소스 파일</Filter>
    </ClCompile>
    <ClCompile Include="t3_10_20(3).cpp">
      <Filter>소스 파일</Filter>
    </ClCompile>
    <ClCompile Include="DATE1.H">
      <Filter>소스 파일</Filter>
    </ClCompile>
    <ClCompile Include="DATE1.cpp">
      <Filter>소스 파일</Filter>
    </ClCompile>
    <ClCompile Include="DATE2.cpp">
      <Filter>소스 파일</Filter>
    </ClCompile>
    <ClCompile Include="DATE2.H">
      <Filter>소스 파일</Filter>
    </ClCompile>
    <ClCompile Include="Person.cpp">
      <Filter>소스 파일</Filter>
    </ClCompile>
    <ClCompile Include="PersonMain.cpp">
      <Filter>소스 파일</Filter>
    </ClCompile>
    <ClCompile Include="Car.cpp">
      <Filter>소스 파일</Filter>
    </ClCompile>
    <ClCompile Include="CarMain.cpp">
      <Filter>소스 파일</Filter>
    </ClCompile>
    <ClCompile Include="Student.cpp">
      <Filter>소스 파일</Filter>
    </ClCompile>
    <ClCompile Include="StudentMain.cpp">
      <Filter>소스 파일</Filter>
    </ClCompile>
  </ItemGroup>
  <ItemGroup>
    <ClInclude Include="Person.H">
      <Filter>소스 파일</Filter>
    </ClInclude>
    <ClInclude Include="Car.H">
      <Filter>소스 파일</Filter>
    </ClInclude>
    <ClInclude Include="Student.h">
      <Filter>소스 파일</Filter>
    </ClInclude>
  </ItemGroup>
</Project>